aiohttp==3.9.5 --hash=sha256:4d3ebb9e1316ec74277d19c5f482f98cc65a73ccd5430540d6d11682cd857430
aiosignal==1.3.1 --hash=sha256:f8376fb07dd1e86a584e4fcdec80b36b7f81aac666ebc724e2c090300dd83b17
annotated-types==0.7.0 --hash=sha256:1f02e8b43a8fbbc3f3e0d4f0f4bfc8131bcb4eebe8849b8e5c773f3a1c582a53
async-timeout==4.0.3 --hash=sha256:7405140ff1230c310e51dc27b3145b9092d659ce68ff733fb0cefe3ee42be028
attrs==23.2.0 --hash=sha256:99b87a485a5820b23b879f04c2305b44b951b502fd64be915879d77a7e8fc6f1
certifi==2024.6.2 --hash=sha256:ddc6c8ce995e6987e7faf5e3f1b02b302836a0e5d98ece18392cb1a36c72ad56
charset-normalizer==3.3.2 --hash=sha256:6897af51655e3691ff853668779c7bad41579facacf5fd7253b0133308cf000d
filelock==3.14.0 --hash=sha256:43339835842f110ca7ae60f1e1c160714c5a6afd15a2873419ab185334975c0f
frozenlist==1.4.1 --hash=sha256:590344787a90ae57d62511dd7c736ed56b428f04cd8c161fcc5e7232c130c69a
fsspec==2024.6.0 --hash=sha256:58d7122eb8a1a46f7f13453187bfea4972d66bf01618d37366521b1998034cee
future==1.0.0 --hash=sha256:929292d34f5872e70396626ef385ec22355a1fae8ad29e1a734c3e43f9fbc216
huggingface-hub==0.23.2 --hash=sha256:48727a16e704d409c4bb5913613308499664f22a99743435dc3a13b23c485827
idna==3.7 --hash=sha256:82fee1fc78add43492d3a1898bfa6d8a904cc97d8427f683ed8e798d07761aa0
Jinja2==3.1.4 --hash=sha256:bc5dd2abb727a5319567b7a813e6a2e7318c39f4f487cfe6c89c6f9c7d25197d
loguru==0.7.2 --hash=sha256:003d71e3d3ed35f0f8984898359d65b79e5b21943f78af86aa5491210429b8eb
MarkupSafe==2.1.5 --hash=sha256:e61659ba32cf2cf1481e575d0462554625196a1f2fc06a1c777d3f48e8865d46
mpmath==1.3.0 --hash=sha256:a0b2b9fe80bbcd81a6647ff13108738cfb482d481d826cc0e02f5b35e5c88d2c
multidict==6.0.5 --hash=sha256:1d147090048129ce3c453f0292e7697d333db95e52616b3793922945804a433c
networkx==3.3 --hash=sha256:28575580c6ebdaf4505b22c6256a2b9de86b316dc63ba9e93abde3d78dfdbcf2
numpy==1.26.4 --hash=sha256:d209d8969599b27ad20994c8e41936ee0964e6da07478d6c35016bc386b66ad4
packaging==24.0 --hash=sha256:2ddfb553fdf02fb784c234c7ba6ccc288296ceabec964ad2eae3777778130bc5
pillow==10.3.0 --hash=sha256:78618cdbccaa74d3f88d0ad6cb8ac3007f1a6fa5c6f19af64b55ca170bfa1edf
pipecat-ai==0.0.25 --hash=sha256:83551d314576c21fa60bba128f33eb90b7a8c0a35dc97215bac1a4a90c5f12f8
protobuf==4.25.3 --hash=sha256:e7cb0ae90dd83727f0c0718634ed56837bfeeee29a5f82a7514c03ee1364c019
pydantic==2.7.2 --hash=sha256:834ab954175f94e6e68258537dc49402c4a5e9d0409b9f1b86b7e934a8372de7
pydantic_core==2.18.3 --hash=sha256:544a9a75622357076efb6b311983ff190fbfb3c12fc3a853122b34d3d358126c
pyloudnorm==0.1.1 --hash=sha256:d7f12ebdd097a464d87ce2878fc4d942f15f8233e26cc03f33fefa226f869a14
PyYAML==6.0.1 --hash=sha256:69b023b2b4daa7548bcfbd4aa3da05b3a74b772db9e23b982788168117739938
regex==2024.5.15 --hash=sha256:5eaa7ddaf517aa095fa8da0b5015c44d03da83f5bd49c87961e3c997daed0de7
requests==2.32.3 --hash=sha256:70761cfe03c773ceb22aa2f671b4757976145175cdfca038c02654d061d6dcc6
safetensors==0.4.3 --hash=sha256:70a5319ef409e7f88686a46607cbc3c428271069d8b770076feaf913664a07ac
scipy==1.13.1 --hash=sha256:cfa31f1def5c819b19ecc3a8b52d28ffdcc7ed52bb20c9a7589669dd3c250989
sympy==1.12.1 --hash=sha256:9b2cbc7f1a640289430e13d2a56f02f867a1da0190f2f99d8968c2f74da0e515
tokenizers==0.19.1 --hash=sha256:453e4422efdfc9c6b6bf2eae00d5e323f263fff62b29a8c9cd526c5003f3f642
torch==2.3.0 --hash=sha256:09c81c5859a5b819956c6925a405ef1cdda393c9d8a01ce3851453f699d3358c
tqdm==4.66.4 --hash=sha256:b75ca56b413b030bc3f00af51fd2c1a1a5eac6a0c1cca83cbb37a5c52abce644
transformers==4.41.2 --hash=sha256:05555d20e43f808de1ef211ab64803cdb513170cef70d29a888b589caebefc67
typing_extensions==4.11.0 --hash=sha256:c1f94d72897edaf4ce775bb7558d5b79d8126906a14ea5ed1635921406c0387a
urllib3==2.2.1 --hash=sha256:450b20ec296a467077128bff42b73080516e71b56ff59a60a02bef2232c4fa9d
websockets==12.0 --hash=sha256:c588f6abc13f78a67044c6b1273a99e1cf31038ad51815b3b016ce699f0d75c2
yarl==1.9.4 --hash=sha256:d9e09c9d74f4566e905a0b8fa668c58109f7624db96a2171f21747abc7524234
